
Microsoft Visual Studio Solution File, Format Version 12.00
# Visual Studio Version 17
VisualStudioVersion = 17.6.33723.286
MinimumVisualStudioVersion = 10.0.40219.1
Project("{9A19103F-16F7-4668-BE54-9A1E7A4F7556}") = "EdunovaWP1", "EdunovaWP1\EdunovaWP1.csproj", "{BD00660F-9DAC-42C9-97BD-92A70EAB88D2}"
EndProject
Global
	GlobalSection(SolutionConfigurationPlatforms) = preSolution
		Debug|Any CPU = Debug|Any CPU
		Release|Any CPU = Release|Any CPU
	EndGlobalSection
	GlobalSection(ProjectConfigurationPlatforms) = postSolution
		{BD00660F-9DAC-42C9-97BD-92A70EAB88D2}.Debug|Any CPU.ActiveCfg = Debug|Any CPU
		{BD00660F-9DAC-42C9-97BD-92A70EAB88D2}.Debug|Any CPU.Build.0 = Debug|Any CPU
		{BD00660F-9DAC-42C9-97BD-92A70EAB88D2}.Release|Any CPU.ActiveCfg = Release|Any CPU
		{BD00660F-9DAC-42C9-97BD-92A70EAB88D2}.Release|Any CPU.Build.0 = Release|Any CPU
	EndGlobalSection
	GlobalSection(SolutionProperties) = preSolution
		HideSolutionNode = FALSE
	EndGlobalSection
	GlobalSection(ExtensibilityGlobals) = postSolution
		SolutionGuid = {838B6318-88B0-4389-ABD3-D8F9706F4BDE}
	EndGlobalSection
EndGlobal
